
Microsoft Visual Studio Solution File, Format Version 12.00
# Visual Studio 15
VisualStudioVersion = 15.0.27703.2042
MinimumVisualStudioVersion = 10.0.40219.1
Project("{FAE04EC0-301F-11D3-BF4B-00C04F79EFBC}") = "DigitalGreen.API", "DigitalGreen.API\DigitalGreen.API.csproj", "{BEB9AEE0-7131-4A74-9DFD-14264D82834C}"
EndProject
Project("{FAE04EC0-301F-11D3-BF4B-00C04F79EFBC}") = "DigitalGreen.Core", "DigitalGreen.Core\DigitalGreen.Core.csproj", "{F2067548-CE28-44A8-B457-50CF99DA5FFC}"
EndProject
Project("{FAE04EC0-301F-11D3-BF4B-00C04F79EFBC}") = "DigitalGreen.Business", "DigitalGreen.Business\DigitalGreen.Business.csproj", "{13270E20-6E7C-4549-8F4C-F1A46FC91B83}"
EndProject
Project("{FAE04EC0-301F-11D3-BF4B-00C04F79EFBC}") = "Digital.Model", "Digital.Model\Digital.Model.csproj", "{EF191910-F546-4A3C-A7D5-44B710812FF0}"
EndProject
Global
	GlobalSection(SolutionConfigurationPlatforms) = preSolution
		Debug|Any CPU = Debug|Any CPU
		Release|Any CPU = Release|Any CPU
	EndGlobalSection
	GlobalSection(ProjectConfigurationPlatforms) = postSolution
		{BEB9AEE0-7131-4A74-9DFD-14264D82834C}.Debug|Any CPU.ActiveCfg = Debug|Any CPU
		{BEB9AEE0-7131-4A74-9DFD-14264D82834C}.Debug|Any CPU.Build.0 = Debug|Any CPU
		{BEB9AEE0-7131-4A74-9DFD-14264D82834C}.Release|Any CPU.ActiveCfg = Release|Any CPU
		{BEB9AEE0-7131-4A74-9DFD-14264D82834C}.Release|Any CPU.Build.0 = Release|Any CPU
		{F2067548-CE28-44A8-B457-50CF99DA5FFC}.Debug|Any CPU.ActiveCfg = Debug|Any CPU
		{F2067548-CE28-44A8-B457-50CF99DA5FFC}.Debug|Any CPU.Build.0 = Debug|Any CPU
		{F2067548-CE28-44A8-B457-50CF99DA5FFC}.Release|Any CPU.ActiveCfg = Release|Any CPU
		{F2067548-CE28-44A8-B457-50CF99DA5FFC}.Release|Any CPU.Build.0 = Release|Any CPU
		{13270E20-6E7C-4549-8F4C-F1A46FC91B83}.Debug|Any CPU.ActiveCfg = Debug|Any CPU
		{13270E20-6E7C-4549-8F4C-F1A46FC91B83}.Debug|Any CPU.Build.0 = Debug|Any CPU
		{13270E20-6E7C-4549-8F4C-F1A46FC91B83}.Release|Any CPU.ActiveCfg = Release|Any CPU
		{13270E20-6E7C-4549-8F4C-F1A46FC91B83}.Release|Any CPU.Build.0 = Release|Any CPU
		{EF191910-F546-4A3C-A7D5-44B710812FF0}.Debug|Any CPU.ActiveCfg = Debug|Any CPU
		{EF191910-F546-4A3C-A7D5-44B710812FF0}.Debug|Any CPU.Build.0 = Debug|Any CPU
		{EF191910-F546-4A3C-A7D5-44B710812FF0}.Release|Any CPU.ActiveCfg = Release|Any CPU
		{EF191910-F546-4A3C-A7D5-44B710812FF0}.Release|Any CPU.Build.0 = Release|Any CPU
	EndGlobalSection
	GlobalSection(SolutionProperties) = preSolution
		HideSolutionNode = FALSE
	EndGlobalSection
	GlobalSection(ExtensibilityGlobals) = postSolution
		SolutionGuid = {20A0B6B4-3F03-4E1C-8499-BEC39B7C7F8A}
	EndGlobalSection
EndGlobal
